
Microsoft Visual Studio Solution File, Format Version 12.00
# Visual Studio Version 17
VisualStudioVersion = 17.7.34031.279
MinimumVisualStudioVersion = 10.0.40219.1
Project("{FAE04EC0-301F-11D3-BF4B-00C04F79EFBC}") = "QLyCHBanDoAnVat", "QLyCHBanDoAnVat\QLyCHBanDoAnVat.csproj", "{395F456E-B319-40F8-9FBE-2D3A6F24AA46}"
EndProject
Global
	GlobalSection(SolutionConfigurationPlatforms) = preSolution
		Debug|Any CPU = Debug|Any CPU
		Release|Any CPU = Release|Any CPU
	EndGlobalSection
	GlobalSection(ProjectConfigurationPlatforms) = postSolution
		{395F456E-B319-40F8-9FBE-2D3A6F24AA46}.Debug|Any CPU.ActiveCfg = Debug|Any CPU
		{395F456E-B319-40F8-9FBE-2D3A6F24AA46}.Debug|Any CPU.Build.0 = Debug|Any CPU
		{395F456E-B319-40F8-9FBE-2D3A6F24AA46}.Release|Any CPU.ActiveCfg = Release|Any CPU
		{395F456E-B319-40F8-9FBE-2D3A6F24AA46}.Release|Any CPU.Build.0 = Release|Any CPU
	EndGlobalSection
	GlobalSection(SolutionProperties) = preSolution
		HideSolutionNode = FALSE
	EndGlobalSection
	GlobalSection(ExtensibilityGlobals) = postSolution
		SolutionGuid = {AB19AE52-C567-4EC4-B68B-A156B85123AB}
	EndGlobalSection
EndGlobal
